hash: 9f255f4403caf039fc82ea3c065230f19880dde27baf6bfa55712efe4e897827
updated: 2016-05-06T15:45:29.691908181-04:00
imports:
- name: github.com/dreae/colors
  version: 91439aab60393a0718c8f43c237fed23a4585090
- name: github.com/golang/protobuf
  version: 7cc19b78d562895b13596ddce7aafb59dd789318
  subpackages:
  - proto
  - protoc-gen-go
- name: golang.org/x/net
  version: 7e42c0e1329bb108f7376a7618a2871ab90f1c4d
  subpackages:
  - context
  - http2
  - trace
  - http2/hpack
  - internal/timeseries
- name: google.golang.org/grpc
  version: 9604a2bb7dd81d87c2873a9580258465f3c311c8
  subpackages:
  - codes
  - credentials
  - grpclog
  - internal
  - metadata
  - naming
  - transport
  - peer
devImports: []
