hash: 8c6e75dccfcf0b87faa94e6eed0fb1755ed3eab74fee8dd1e476615e8443903c
updated: 2016-05-03T21:39:48.2462-04:00
imports:
- name: github.com/golang/protobuf
  version: 7cc19b78d562895b13596ddce7aafb59dd789318
  subpackages:
  - proto
  - protoc-gen-go
  - github.com\golang\protobuf\proto
- name: golang.org/x/net
  version: 35ec611a141ee705590b9eb64d673f9e6dfeb1ac
  subpackages:
  - context
  - golang.org\x\net\context
  - golang.org\x\net\http2
  - golang.org\x\net\trace
  - golang.org\x\net\http2\hpack
  - golang.org\x\net\internal\timeseries
- name: google.golang.org/grpc
  version: b062a3c003c22bfef58fa99d689e6a892b408f9d
  subpackages:
  - google.golang.org\grpc
  - google.golang.org\grpc\codes
  - google.golang.org\grpc\credentials
  - google.golang.org\grpc\grpclog
  - google.golang.org\grpc\internal
  - google.golang.org\grpc\metadata
  - google.golang.org\grpc\naming
  - google.golang.org\grpc\transport
  - google.golang.org\grpc\peer
devImports: []
